
Microsoft Visual Studio Solution File, Format Version 12.00
# Visual Studio Version 16
VisualStudioVersion = 16.0.31019.35
MinimumVisualStudioVersion = 10.0.40219.1
Project("{9A19103F-16F7-4668-BE54-9A1E7A4F7556}") = "Challenge.Test", "..\Challenge.Test\Challenge.Test.csproj", "{4F194F5C-B8A6-49C8-8AF0-CF71CBACDE9A}"
EndProject
Project("{9A19103F-16F7-4668-BE54-9A1E7A4F7556}") = "Challenge.Lib", "Challenge.Lib\Challenge.Lib.csproj", "{C43BBF74-E07C-4533-9E52-CDAFECAAF0E1}"
EndProject
Global
	GlobalSection(SolutionConfigurationPlatforms) = preSolution
		Debug|Any CPU = Debug|Any CPU
		Release|Any CPU = Release|Any CPU
	EndGlobalSection
	GlobalSection(ProjectConfigurationPlatforms) = postSolution
		{4F194F5C-B8A6-49C8-8AF0-CF71CBACDE9A}.Debug|Any CPU.ActiveCfg = Debug|Any CPU
		{4F194F5C-B8A6-49C8-8AF0-CF71CBACDE9A}.Debug|Any CPU.Build.0 = Debug|Any CPU
		{4F194F5C-B8A6-49C8-8AF0-CF71CBACDE9A}.Release|Any CPU.ActiveCfg = Release|Any CPU
		{4F194F5C-B8A6-49C8-8AF0-CF71CBACDE9A}.Release|Any CPU.Build.0 = Release|Any CPU
		{C43BBF74-E07C-4533-9E52-CDAFECAAF0E1}.Debug|Any CPU.ActiveCfg = Debug|Any CPU
		{C43BBF74-E07C-4533-9E52-CDAFECAAF0E1}.Debug|Any CPU.Build.0 = Debug|Any CPU
		{C43BBF74-E07C-4533-9E52-CDAFECAAF0E1}.Release|Any CPU.ActiveCfg = Release|Any CPU
		{C43BBF74-E07C-4533-9E52-CDAFECAAF0E1}.Release|Any CPU.Build.0 = Release|Any CPU
	EndGlobalSection
	GlobalSection(SolutionProperties) = preSolution
		HideSolutionNode = FALSE
	EndGlobalSection
	GlobalSection(ExtensibilityGlobals) = postSolution
		SolutionGuid = {DE6DB757-3F4E-4941-88C0-977DCDEF8B4D}
	EndGlobalSection
EndGlobal
